
Microsoft Visual Studio Solution File, Format Version 12.00
# Visual Studio Version 17
VisualStudioVersion = 17.10.34928.147
MinimumVisualStudioVersion = 10.0.40219.1
Project("{9A19103F-16F7-4668-BE54-9A1E7A4F7556}") = "StudentService", "StudentService\StudentService.csproj", "{503FC48E-9A48-4112-A970-9D9FFDA55899}"
EndProject
Project("{9A19103F-16F7-4668-BE54-9A1E7A4F7556}") = "ApiGateway", "ApiGateway\ApiGateway.csproj", "{808513B9-22C3-41A6-815E-2AA6F6F473EC}"
EndProject
Project("{9A19103F-16F7-4668-BE54-9A1E7A4F7556}") = "ProductService", "ProductService\ProductService.csproj", "{30F826DC-2F0D-41EC-B9BE-65260FADC12E}"
EndProject
Project("{9A19103F-16F7-4668-BE54-9A1E7A4F7556}") = "PayrollService", "PayrollService\PayrollService.csproj", "{0D4A5F35-46E1-46BF-8C02-AF04586192DE}"
EndProject
Project("{FAE04EC0-301F-11D3-BF4B-00C04F79EFBC}") = "ErrorHandling", "ErrorHandling\ErrorHandling.csproj", "{0B62DC49-3B60-435B-9E06-F048520C9B31}"
EndProject
Project("{FAE04EC0-301F-11D3-BF4B-00C04F79EFBC}") = "OrderServices.API", "OrderServices.API\OrderServices.API.csproj", "{5D5DB16F-B660-46EF-B9C9-4A656AC51A6C}"
EndProject
Project("{FAE04EC0-301F-11D3-BF4B-00C04F79EFBC}") = "CustomerServices", "CustomerServices\CustomerServices.csproj", "{BC3CBC3B-DD0D-49D0-B64D-253A097AA786}"
EndProject
Global
	GlobalSection(SolutionConfigurationPlatforms) = preSolution
		Debug|Any CPU = Debug|Any CPU
		Release|Any CPU = Release|Any CPU
	EndGlobalSection
	GlobalSection(ProjectConfigurationPlatforms) = postSolution
		{503FC48E-9A48-4112-A970-9D9FFDA55899}.Debug|Any CPU.ActiveCfg = Debug|Any CPU
		{503FC48E-9A48-4112-A970-9D9FFDA55899}.Debug|Any CPU.Build.0 = Debug|Any CPU
		{503FC48E-9A48-4112-A970-9D9FFDA55899}.Release|Any CPU.ActiveCfg = Release|Any CPU
		{503FC48E-9A48-4112-A970-9D9FFDA55899}.Release|Any CPU.Build.0 = Release|Any CPU
		{808513B9-22C3-41A6-815E-2AA6F6F473EC}.Debug|Any CPU.ActiveCfg = Debug|Any CPU
		{808513B9-22C3-41A6-815E-2AA6F6F473EC}.Debug|Any CPU.Build.0 = Debug|Any CPU
		{808513B9-22C3-41A6-815E-2AA6F6F473EC}.Release|Any CPU.ActiveCfg = Release|Any CPU
		{808513B9-22C3-41A6-815E-2AA6F6F473EC}.Release|Any CPU.Build.0 = Release|Any CPU
		{30F826DC-2F0D-41EC-B9BE-65260FADC12E}.Debug|Any CPU.ActiveCfg = Debug|Any CPU
		{30F826DC-2F0D-41EC-B9BE-65260FADC12E}.Debug|Any CPU.Build.0 = Debug|Any CPU
		{30F826DC-2F0D-41EC-B9BE-65260FADC12E}.Release|Any CPU.ActiveCfg = Release|Any CPU
		{30F826DC-2F0D-41EC-B9BE-65260FADC12E}.Release|Any CPU.Build.0 = Release|Any CPU
		{0D4A5F35-46E1-46BF-8C02-AF04586192DE}.Debug|Any CPU.ActiveCfg = Debug|Any CPU
		{0D4A5F35-46E1-46BF-8C02-AF04586192DE}.Debug|Any CPU.Build.0 = Debug|Any CPU
		{0D4A5F35-46E1-46BF-8C02-AF04586192DE}.Release|Any CPU.ActiveCfg = Release|Any CPU
		{0D4A5F35-46E1-46BF-8C02-AF04586192DE}.Release|Any CPU.Build.0 = Release|Any CPU
		{0B62DC49-3B60-435B-9E06-F048520C9B31}.Debug|Any CPU.ActiveCfg = Debug|Any CPU
		{0B62DC49-3B60-435B-9E06-F048520C9B31}.Debug|Any CPU.Build.0 = Debug|Any CPU
		{0B62DC49-3B60-435B-9E06-F048520C9B31}.Release|Any CPU.ActiveCfg = Release|Any CPU
		{0B62DC49-3B60-435B-9E06-F048520C9B31}.Release|Any CPU.Build.0 = Release|Any CPU
		{5D5DB16F-B660-46EF-B9C9-4A656AC51A6C}.Debug|Any CPU.ActiveCfg = Debug|Any CPU
		{5D5DB16F-B660-46EF-B9C9-4A656AC51A6C}.Debug|Any CPU.Build.0 = Debug|Any CPU
		{5D5DB16F-B660-46EF-B9C9-4A656AC51A6C}.Release|Any CPU.ActiveCfg = Release|Any CPU
		{5D5DB16F-B660-46EF-B9C9-4A656AC51A6C}.Release|Any CPU.Build.0 = Release|Any CPU
		{BC3CBC3B-DD0D-49D0-B64D-253A097AA786}.Debug|Any CPU.ActiveCfg = Debug|Any CPU
		{BC3CBC3B-DD0D-49D0-B64D-253A097AA786}.Debug|Any CPU.Build.0 = Debug|Any CPU
		{BC3CBC3B-DD0D-49D0-B64D-253A097AA786}.Release|Any CPU.ActiveCfg = Release|Any CPU
		{BC3CBC3B-DD0D-49D0-B64D-253A097AA786}.Release|Any CPU.Build.0 = Release|Any CPU
	EndGlobalSection
	GlobalSection(SolutionProperties) = preSolution
		HideSolutionNode = FALSE
	EndGlobalSection
	GlobalSection(ExtensibilityGlobals) = postSolution
		SolutionGuid = {62568A6B-81C9-43E7-BF53-28D2F447FAB8}
	EndGlobalSection
EndGlobal
